PODS:
  - EVSlidingTableViewCell (1.1.0)

DEPENDENCIES:
  - EVSlidingTableViewCell (from `../`)

EXTERNAL SOURCES:
  EVSlidingTableViewCell:
    :path: "../"

SPEC CHECKSUMS:
  EVSlidingTableViewCell: 9d43da49912a0ada989e2959175c45a7618907db

PODFILE CHECKSUM: 0a008e159d4fdadcf9cad4bbf48bbcb17ee32a7b

COCOAPODS: 1.0.1
