PODS:
  - EVSlidingTableViewCell (1.0.1)

DEPENDENCIES:
  - EVSlidingTableViewCell (from `../`)

EXTERNAL SOURCES:
  EVSlidingTableViewCell:
    :path: "../"

SPEC CHECKSUMS:
  EVSlidingTableViewCell: ea2006bf7a18e344430a9063395fba55d223a8be

PODFILE CHECKSUM: 0a008e159d4fdadcf9cad4bbf48bbcb17ee32a7b

COCOAPODS: 1.0.1
